Microsoft Visual Studio Solution File, Format Version 12.00
# Visual Studio Version 17
VisualStudioVersion = 17.0.31611.283
MinimumVisualStudioVersion = 10.0.40219.1
Project("{9A19103F-16F7-4668-BE54-9A1E7A4F7556}") = "Plugin.Maui.UITestHelpers.Sample", "Plugin.Maui.UITestHelpers.Sample\Plugin.Maui.UITestHelpers.Sample.csproj", "{490BB138-9606-4FFF-8AAD-841C5B1ED059}"
EndProject
Project("{FAE04EC0-301F-11D3-BF4B-00C04F79EFBC}") = "UITests.Android", "UITests.Android\UITests.Android.csproj", "{6557E077-F81A-4D64-B3C4-A07BB1BD31D4}"
EndProject
Project("{FAE04EC0-301F-11D3-BF4B-00C04F79EFBC}") = "UITests.Shared", "UITests.Shared\UITests.Shared.csproj", "{DFD0E4D0-3519-4B55-8B31-CC7AF8106AAE}"
EndProject
Project("{FAE04EC0-301F-11D3-BF4B-00C04F79EFBC}") = "Plugin.Maui.UITestHelpers.Appium", "..\src\Plugin.Maui.UITestHelpers.Appium\Plugin.Maui.UITestHelpers.Appium.csproj", "{F959E9D2-6744-4508-A8A5-E94AA9BD2716}"
EndProject
Project("{FAE04EC0-301F-11D3-BF4B-00C04F79EFBC}") = "Plugin.Maui.UITestHelpers.NUnit", "..\src\Plugin.Maui.UITestHelpers.NUnit\Plugin.Maui.UITestHelpers.NUnit.csproj", "{42DDF9AC-BE09-4083-8663-2D25B5314520}"
EndProject
Project("{FAE04EC0-301F-11D3-BF4B-00C04F79EFBC}") = "Plugin.Maui.UITestHelpers.Core", "..\src\Plugin.Maui.UITestHelpers.Core\Plugin.Maui.UITestHelpers.Core.csproj", "{4BE6EBB4-AB2C-43C6-9608-13FF3DBFAF71}"
EndProject
Global
	GlobalSection(SolutionConfigurationPlatforms) = preSolution
		Debug|Any CPU = Debug|Any CPU
		Release|Any CPU = Release|Any CPU
	EndGlobalSection
	GlobalSection(ProjectConfigurationPlatforms) = postSolution
		{490BB138-9606-4FFF-8AAD-841C5B1ED059}.Debug|Any CPU.ActiveCfg = Debug|Any CPU
		{490BB138-9606-4FFF-8AAD-841C5B1ED059}.Debug|Any CPU.Build.0 = Debug|Any CPU
		{490BB138-9606-4FFF-8AAD-841C5B1ED059}.Debug|Any CPU.Deploy.0 = Debug|Any CPU
		{490BB138-9606-4FFF-8AAD-841C5B1ED059}.Release|Any CPU.ActiveCfg = Release|Any CPU
		{490BB138-9606-4FFF-8AAD-841C5B1ED059}.Release|Any CPU.Build.0 = Release|Any CPU
		{490BB138-9606-4FFF-8AAD-841C5B1ED059}.Release|Any CPU.Deploy.0 = Release|Any CPU
		{6557E077-F81A-4D64-B3C4-A07BB1BD31D4}.Debug|Any CPU.ActiveCfg = Debug|Any CPU
		{6557E077-F81A-4D64-B3C4-A07BB1BD31D4}.Debug|Any CPU.Build.0 = Debug|Any CPU
		{6557E077-F81A-4D64-B3C4-A07BB1BD31D4}.Release|Any CPU.ActiveCfg = Release|Any CPU
		{6557E077-F81A-4D64-B3C4-A07BB1BD31D4}.Release|Any CPU.Build.0 = Release|Any CPU
		{DFD0E4D0-3519-4B55-8B31-CC7AF8106AAE}.Debug|Any CPU.ActiveCfg = Debug|Any CPU
		{DFD0E4D0-3519-4B55-8B31-CC7AF8106AAE}.Debug|Any CPU.Build.0 = Debug|Any CPU
		{DFD0E4D0-3519-4B55-8B31-CC7AF8106AAE}.Release|Any CPU.ActiveCfg = Release|Any CPU
		{DFD0E4D0-3519-4B55-8B31-CC7AF8106AAE}.Release|Any CPU.Build.0 = Release|Any CPU
		{F959E9D2-6744-4508-A8A5-E94AA9BD2716}.Debug|Any CPU.ActiveCfg = Debug|Any CPU
		{F959E9D2-6744-4508-A8A5-E94AA9BD2716}.Debug|Any CPU.Build.0 = Debug|Any CPU
		{F959E9D2-6744-4508-A8A5-E94AA9BD2716}.Release|Any CPU.ActiveCfg = Release|Any CPU
		{F959E9D2-6744-4508-A8A5-E94AA9BD2716}.Release|Any CPU.Build.0 = Release|Any CPU
		{42DDF9AC-BE09-4083-8663-2D25B5314520}.Debug|Any CPU.ActiveCfg = Debug|Any CPU
		{42DDF9AC-BE09-4083-8663-2D25B5314520}.Debug|Any CPU.Build.0 = Debug|Any CPU
		{42DDF9AC-BE09-4083-8663-2D25B5314520}.Release|Any CPU.ActiveCfg = Release|Any CPU
		{42DDF9AC-BE09-4083-8663-2D25B5314520}.Release|Any CPU.Build.0 = Release|Any CPU
		{4BE6EBB4-AB2C-43C6-9608-13FF3DBFAF71}.Debug|Any CPU.ActiveCfg = Debug|Any CPU
		{4BE6EBB4-AB2C-43C6-9608-13FF3DBFAF71}.Debug|Any CPU.Build.0 = Debug|Any CPU
		{4BE6EBB4-AB2C-43C6-9608-13FF3DBFAF71}.Release|Any CPU.ActiveCfg = Release|Any CPU
		{4BE6EBB4-AB2C-43C6-9608-13FF3DBFAF71}.Release|Any CPU.Build.0 = Release|Any CPU
	EndGlobalSection
	GlobalSection(SolutionProperties) = preSolution
		HideSolutionNode = FALSE
	EndGlobalSection
	GlobalSection(ExtensibilityGlobals) = postSolution
		SolutionGuid = {61F7FB11-1E47-470C-91E2-47F8143E1572}
	EndGlobalSection
EndGlobal
