
Microsoft Visual Studio Solution File, Format Version 12.00
# Visual Studio Version 17
VisualStudioVersion = 17.0.31611.283
MinimumVisualStudioVersion = 10.0.40219.1
Project("{9A19103F-16F7-4668-BE54-9A1E7A4F7556}") = "Plugin.Maui.UITestHelpers.Sample", "Plugin.Maui.UITestHelpers.Sample\Plugin.Maui.UITestHelpers.Sample.csproj", "{490BB138-9606-4FFF-8AAD-841C5B1ED059}"
EndProject
Project("{9A19103F-16F7-4668-BE54-9A1E7A4F7556}") = "UITests.Android", "UITests.Android\UITests.Android.csproj", "{6557E077-F81A-4D64-B3C4-A07BB1BD31D4}"
EndProject
Project("{9A19103F-16F7-4668-BE54-9A1E7A4F7556}") = "UITests.Shared", "UITests.Shared\UITests.Shared.csproj", "{DFD0E4D0-3519-4B55-8B31-CC7AF8106AAE}"
EndProject
Project("{9A19103F-16F7-4668-BE54-9A1E7A4F7556}") = "UITests.iOS", "UITests.iOS\UITests.iOS.csproj", "{2B36F0AB-6CF2-4EE8-8561-3A436304B744}"
EndProject
Project("{9A19103F-16F7-4668-BE54-9A1E7A4F7556}") = "UITests.macOS", "UITests.macOS\UITests.macOS.csproj", "{74557CDA-CB45-4719-9A7D-DE35B10B7345}"
EndProject
Project("{9A19103F-16F7-4668-BE54-9A1E7A4F7556}") = "UITests.Windows", "UITests.Windows\UITests.Windows.csproj", "{1A0A722B-2D19-42C6-A306-1417A283B244}"
EndProject
Global
	GlobalSection(SolutionConfigurationPlatforms) = preSolution
		Debug|Any CPU = Debug|Any CPU
		Release|Any CPU = Release|Any CPU
	EndGlobalSection
	GlobalSection(ProjectConfigurationPlatforms) = postSolution
		{490BB138-9606-4FFF-8AAD-841C5B1ED059}.Debug|Any CPU.ActiveCfg = Debug|Any CPU
		{490BB138-9606-4FFF-8AAD-841C5B1ED059}.Debug|Any CPU.Build.0 = Debug|Any CPU
		{490BB138-9606-4FFF-8AAD-841C5B1ED059}.Debug|Any CPU.Deploy.0 = Debug|Any CPU
		{490BB138-9606-4FFF-8AAD-841C5B1ED059}.Release|Any CPU.ActiveCfg = Release|Any CPU
		{490BB138-9606-4FFF-8AAD-841C5B1ED059}.Release|Any CPU.Build.0 = Release|Any CPU
		{490BB138-9606-4FFF-8AAD-841C5B1ED059}.Release|Any CPU.Deploy.0 = Release|Any CPU
		{6557E077-F81A-4D64-B3C4-A07BB1BD31D4}.Debug|Any CPU.ActiveCfg = Debug|Any CPU
		{6557E077-F81A-4D64-B3C4-A07BB1BD31D4}.Debug|Any CPU.Build.0 = Debug|Any CPU
		{6557E077-F81A-4D64-B3C4-A07BB1BD31D4}.Release|Any CPU.ActiveCfg = Release|Any CPU
		{6557E077-F81A-4D64-B3C4-A07BB1BD31D4}.Release|Any CPU.Build.0 = Release|Any CPU
		{DFD0E4D0-3519-4B55-8B31-CC7AF8106AAE}.Debug|Any CPU.ActiveCfg = Debug|Any CPU
		{DFD0E4D0-3519-4B55-8B31-CC7AF8106AAE}.Debug|Any CPU.Build.0 = Debug|Any CPU
		{DFD0E4D0-3519-4B55-8B31-CC7AF8106AAE}.Release|Any CPU.ActiveCfg = Release|Any CPU
		{DFD0E4D0-3519-4B55-8B31-CC7AF8106AAE}.Release|Any CPU.Build.0 = Release|Any CPU
		{2B36F0AB-6CF2-4EE8-8561-3A436304B744}.Debug|Any CPU.ActiveCfg = Debug|Any CPU
		{2B36F0AB-6CF2-4EE8-8561-3A436304B744}.Debug|Any CPU.Build.0 = Debug|Any CPU
		{2B36F0AB-6CF2-4EE8-8561-3A436304B744}.Release|Any CPU.ActiveCfg = Release|Any CPU
		{2B36F0AB-6CF2-4EE8-8561-3A436304B744}.Release|Any CPU.Build.0 = Release|Any CPU
		{74557CDA-CB45-4719-9A7D-DE35B10B7345}.Debug|Any CPU.ActiveCfg = Debug|Any CPU
		{74557CDA-CB45-4719-9A7D-DE35B10B7345}.Debug|Any CPU.Build.0 = Debug|Any CPU
		{74557CDA-CB45-4719-9A7D-DE35B10B7345}.Release|Any CPU.ActiveCfg = Release|Any CPU
		{74557CDA-CB45-4719-9A7D-DE35B10B7345}.Release|Any CPU.Build.0 = Release|Any CPU
		{1A0A722B-2D19-42C6-A306-1417A283B244}.Debug|Any CPU.ActiveCfg = Debug|Any CPU
		{1A0A722B-2D19-42C6-A306-1417A283B244}.Debug|Any CPU.Build.0 = Debug|Any CPU
		{1A0A722B-2D19-42C6-A306-1417A283B244}.Release|Any CPU.ActiveCfg = Release|Any CPU
		{1A0A722B-2D19-42C6-A306-1417A283B244}.Release|Any CPU.Build.0 = Release|Any CPU
	EndGlobalSection
	GlobalSection(SolutionProperties) = preSolution
		HideSolutionNode = FALSE
	EndGlobalSection
	GlobalSection(ExtensibilityGlobals) = postSolution
		SolutionGuid = {61F7FB11-1E47-470C-91E2-47F8143E1572}
	EndGlobalSection
EndGlobal
